<Solution>
  <Folder Name="/src/">
    <Project Path="src/Aspire.Hosting.Bunny.Storage/Aspire.Hosting.Bunny.Storage.csproj" />
    <Project Path="src/PinguApps.Bunny.Storage/PinguApps.Bunny.Storage.csproj" />
  </Folder>
  <Folder Name="/tests/">
    <Project Path="tests/Aspire.Hosting.Bunny.Storage.Tests/Aspire.Hosting.Bunny.Storage.Tests.csproj" />
    <Project Path="tests/PinguApps.Bunny.Storage.Tests/PinguApps.Bunny.Storage.Tests.csproj" />
  </Folder>
</Solution>
